
Microsoft Visual Studio Solution File, Format Version 12.00
# Visual Studio Version 16
VisualStudioVersion = 16.0.29613.14
MinimumVisualStudioVersion = 10.0.40219.1
Project("{FAE04EC0-301F-11D3-BF4B-00C04F79EFBC}") = "TinyClothes", "TinyClothes\TinyClothes.csproj", "{55BA0EBA-857A-439C-9A62-A2213D36487F}"
EndProject
Global
	GlobalSection(SolutionConfigurationPlatforms) = preSolution
		Debug|Any CPU = Debug|Any CPU
		Release|Any CPU = Release|Any CPU
	EndGlobalSection
	GlobalSection(ProjectConfigurationPlatforms) = postSolution
		{55BA0EBA-857A-439C-9A62-A2213D36487F}.Debug|Any CPU.ActiveCfg = Debug|Any CPU
		{55BA0EBA-857A-439C-9A62-A2213D36487F}.Debug|Any CPU.Build.0 = Debug|Any CPU
		{55BA0EBA-857A-439C-9A62-A2213D36487F}.Release|Any CPU.ActiveCfg = Release|Any CPU
		{55BA0EBA-857A-439C-9A62-A2213D36487F}.Release|Any CPU.Build.0 = Release|Any CPU
	EndGlobalSection
	GlobalSection(SolutionProperties) = preSolution
		HideSolutionNode = FALSE
	EndGlobalSection
	GlobalSection(ExtensibilityGlobals) = postSolution
		SolutionGuid = {BFB96AB9-BF2B-448E-BD71-32A6D90BC7A4}
	EndGlobalSection
EndGlobal
